{
    "_meta": {
        "hash": {
            "sha256": "9eb1514eeb3803b46422101f5c15b62074a03d0de5c7b3e604ef3b41dff6a566"
        },
        "requires": {},
        "sources": [
            {
                "url": "https://pypi.python.org/simple",
                "verify_ssl": true
            }
        ]
    },
    "default": {
        "-e .": "*",
        "amqp": {
            "version": "==2.1.4"
        },
        "asgiref": {
            "version": "==1.1.2"
        },
        "attrs": {
            "version": "==17.2.0"
        },
        "autobahn": {
            "version": "==17.6.2"
        },
        "automat": {
            "version": "==0.6.0"
        },
        "billiard": {
            "version": "==3.5.0.2"
        },
        "celery": {
            "version": "==4.0.2"
        },
        "certifi": {
            "version": "==2017.4.17"
        },
        "channels": {
            "version": "==1.1.5"
        },
        "chardet": {
            "version": "==3.0.4"
        },
        "constantly": {
            "version": "==15.1.0"
        },
        "coreapi": {
            "version": "==2.3.1"
        },
        "coreschema": {
            "version": "==0.0.4"
        },
        "daphne": {
            "version": "==1.3.0"
        },
        "dj-database-url": {
            "version": "==0.4.2"
        },
        "django": {
            "version": "==1.11.2"
        },
        "django-configurations": {
            "version": "==2.0"
        },
        "django-cors-headers": {
            "version": "==2.1.0"
        },
        "django-extensions": {
            "version": "==1.7.9"
        },
        "django-filter": {
            "version": "==1.0.4"
        },
        "django-rest-swagger": {
            "version": "==2.1.2"
        },
        "djangorestframework": {
            "version": "==3.6.3"
        },
        "djangorestframework-csv": {
            "version": "==2.0.0"
        },
        "djangorestframework-filters": {
            "version": "==0.10.1"
        },
        "hyperlink": {
            "version": "==17.2.1"
        },
        "idna": {
            "version": "==2.5"
        },
        "incremental": {
            "version": "==17.5.0"
        },
        "itypes": {
            "version": "==1.1.0"
        },
        "jinja2": {
            "version": "==2.9.6"
        },
        "kombu": {
            "version": "==4.0.2"
        },
        "markupsafe": {
            "version": "==1.0"
        },
        "opbeat": {
            "version": "==3.5.2"
        },
        "openapi-codec": {
            "version": "==1.3.1"
        },
        "psycopg2": {
            "version": "==2.7.1"
        },
        "pytz": {
            "version": "==2017.2"
        },
        "redis": {
            "version": "==2.10.5"
        },
        "requests": {
            "version": "==2.18.1"
        },
        "setuptools": {
            "version": "==36.0.1"
        },
        "simplejson": {
            "version": "==3.11.1"
        },
        "six": {
            "version": "==1.10.0"
        },
        "twisted": {
            "version": "==17.5.0"
        },
        "txaio": {
            "version": "==2.8.0"
        },
        "unicodecsv": {
            "version": "==0.14.1"
        },
        "uritemplate": {
            "version": "==3.0.0"
        },
        "urllib3": {
            "version": "==1.21.1"
        },
        "uwsgi": {
            "version": "==2.0.15"
        },
        "vine": {
            "version": "==1.1.3"
        },
        "whitenoise": {
            "version": "==3.3.0"
        },
        "zope.interface": {
            "version": "==4.4.2"
        }
    },
    "develop": {
        "cached-property": {
            "version": "==1.3.0"
        },
        "colorama": {
            "version": "==0.3.9"
        },
        "coverage": {
            "version": "==4.4.1"
        },
        "docker": {
            "version": "==2.3.0"
        },
        "docker-compose": {
            "version": "==1.14.0"
        },
        "docker-pycreds": {
            "version": "==0.2.1"
        },
        "dockerpty": {
            "version": "==0.4.1"
        },
        "docopt": {
            "version": "==0.6.2"
        },
        "isort": {
            "version": "==4.2.15"
        },
        "jsonschema": {
            "version": "==2.6.0"
        },
        "mccabe": {
            "version": "==0.6.1"
        },
        "py": {
            "version": "==1.4.34"
        },
        "pycodestyle": {
            "version": "==2.3.1"
        },
        "pydocstyle": {
            "version": "==2.0.0"
        },
        "pyflakes": {
            "version": "==1.5.0"
        },
        "pylama": {
            "version": "==7.3.3"
        },
        "pytest": {
            "version": "==3.1.2"
        },
        "pytest-capturelog": {
            "version": "==0.7"
        },
        "pytest-cov": {
            "version": "==2.5.1"
        },
        "pytest-django": {
            "version": "==3.1.2"
        },
        "pytest-mock": {
            "version": "==1.6.0"
        },
        "pyyaml": {
            "version": "==3.12"
        },
        "requests": {
            "version": "==2.11.1"
        },
        "setuptools": {
            "version": "==36.0.1"
        },
        "six": {
            "version": "==1.10.0"
        },
        "snowballstemmer": {
            "version": "==1.2.1"
        },
        "texttable": {
            "version": "==0.8.8"
        },
        "websocket-client": {
            "version": "==0.44.0"
        }
    }
}
